// !$*UTF8*$!
{
	archiveVersion = 1;
	classes = {
	};
	objectVersion = 55;
	objects = {

/* Begin PBXBuildFile section */
		03FBCFE47B63E79EFD14A46C /* Pods_IveBeenHere2Tests.framework in Frameworks */ = {isa = PBXBuildFile; fileRef = 8713353326638AA1488BB57F /* Pods_IveBeenHere2Tests.framework */; };
		6B36C61D946594FC0EA19F62 /* Pods_IveBeenHere2_IveBeenHere2UITests.framework in Frameworks */ = {isa = PBXBuildFile; fileRef = 048B4D030032AE7022954F59 /* Pods_IveBeenHere2_IveBeenHere2UITests.framework */; };
		722266F628F94FCF003859BE /* AppDelegate.swift in Sources */ = {isa = PBXBuildFile; fileRef = 722266F528F94FCF003859BE /* AppDelegate.swift */; };
		722266F828F94FCF003859BE /* SceneDelegate.swift in Sources */ = {isa = PBXBuildFile; fileRef = 722266F728F94FCF003859BE /* SceneDelegate.swift */; };
		722266FA28F94FCF003859BE /* ViewController.swift in Sources */ = {isa = PBXBuildFile; fileRef = 722266F928F94FCF003859BE /* ViewController.swift */; };
		722266FD28F94FCF003859BE /* Main.storyboard in Resources */ = {isa = PBXBuildFile; fileRef = 722266FB28F94FCF003859BE /* Main.storyboard */; };
		722266FF28F94FD0003859BE /* Assets.xcassets in Resources */ = {isa = PBXBuildFile; fileRef = 722266FE28F94FD0003859BE /* Assets.xcassets */; };
		7222670228F94FD0003859BE /* LaunchScreen.storyboard in Resources */ = {isa = PBXBuildFile; fileRef = 7222670028F94FD0003859BE /* LaunchScreen.storyboard */; };
		7222670D28F94FD0003859BE /* IveBeenHere2Tests.swift in Sources */ = {isa = PBXBuildFile; fileRef = 7222670C28F94FD0003859BE /* IveBeenHere2Tests.swift */; };
		7222671728F94FD0003859BE /* IveBeenHere2UITests.swift in Sources */ = {isa = PBXBuildFile; fileRef = 7222671628F94FD0003859BE /* IveBeenHere2UITests.swift */; };
		7222671928F94FD0003859BE /* IveBeenHere2UITestsLaunchTests.swift in Sources */ = {isa = PBXBuildFile; fileRef = 7222671828F94FD0003859BE /* IveBeenHere2UITestsLaunchTests.swift */; };
		A1CACF91A4795CC7AD63D561 /* Pods_IveBeenHere2.framework in Frameworks */ = {isa = PBXBuildFile; fileRef = C61889724740AC512E8F061A /* Pods_IveBeenHere2.framework */; };
/* End PBXBuildFile section */

/* Begin PBXContainerItemProxy section */
		7222670928F94FD0003859BE /* PBXContainerItemProxy */ = {
			isa = PBXContainerItemProxy;
			containerPortal = 722266EA28F94FCF003859BE /* Project object */;
			proxyType = 1;
			remoteGlobalIDString = 722266F128F94FCF003859BE;
			remoteInfo = IveBeenHere2;
		};
		7222671328F94FD0003859BE /* PBXContainerItemProxy */ = {
			isa = PBXContainerItemProxy;
			containerPortal = 722266EA28F94FCF003859BE /* Project object */;
			proxyType = 1;
			remoteGlobalIDString = 722266F128F94FCF003859BE;
			remoteInfo = IveBeenHere2;
		};
/* End PBXContainerItemProxy section */

/* Begin PBXFileReference section */
		048B4D030032AE7022954F59 /* Pods_IveBeenHere2_IveBeenHere2UITests.framework */ = {isa = PBXFileReference; explicitFileType = wrapper.framework; includeInIndex = 0; path = Pods_IveBeenHere2_IveBeenHere2UITests.framework; sourceTree = BUILT_PRODUCTS_DIR; };
		3701AE4B59672353A1BE361F /* Pods-IveBeenHere2.debug.xcconfig */ = {isa = PBXFileReference; includeInIndex = 1; lastKnownFileType = text.xcconfig; name = "Pods-IveBeenHere2.debug.xcconfig"; path = "Target Support Files/Pods-IveBeenHere2/Pods-IveBeenHere2.debug.xcconfig"; sourceTree = "<group>"; };
		630E29A450FAB3AF2AF09817 /* Pods-IveBeenHere2.release.xcconfig */ = {isa = PBXFileReference; includeInIndex = 1; lastKnownFileType = text.xcconfig; name = "Pods-IveBeenHere2.release.xcconfig"; path = "Target Support Files/Pods-IveBeenHere2/Pods-IveBeenHere2.release.xcconfig"; sourceTree = "<group>"; };
		722266F228F94FCF003859BE /* IveBeenHere2.app */ = {isa = PBXFileReference; explicitFileType = wrapper.application; includeInIndex = 0; path = IveBeenHere2.app; sourceTree = BUILT_PRODUCTS_DIR; };
		722266F528F94FCF003859BE /* AppDelegate.swift */ = {isa = PBXFileReference; lastKnownFileType = sourcecode.swift; path = AppDelegate.swift; sourceTree = "<group>"; };
		722266F728F94FCF003859BE /* SceneDelegate.swift */ = {isa = PBXFileReference; lastKnownFileType = sourcecode.swift; path = SceneDelegate.swift; sourceTree = "<group>"; };
		722266F928F94FCF003859BE /* ViewController.swift */ = {isa = PBXFileReference; lastKnownFileType = sourcecode.swift; path = ViewController.swift; sourceTree = "<group>"; };
		722266FC28F94FCF003859BE /* Base */ = {isa = PBXFileReference; lastKnownFileType = file.storyboard; name = Base; path = Base.lproj/Main.storyboard; sourceTree = "<group>"; };
		722266FE28F94FD0003859BE /* Assets.xcassets */ = {isa = PBXFileReference; lastKnownFileType = folder.assetcatalog; path = Assets.xcassets; sourceTree = "<group>"; };
		7222670128F94FD0003859BE /* Base */ = {isa = PBXFileReference; lastKnownFileType = file.storyboard; name = Base; path = Base.lproj/LaunchScreen.storyboard; sourceTree = "<group>"; };
		7222670328F94FD0003859BE /* Info.plist */ = {isa = PBXFileReference; lastKnownFileType = text.plist.xml; path = Info.plist; sourceTree = "<group>"; };
		7222670828F94FD0003859BE /* IveBeenHere2Tests.xctest */ = {isa = PBXFileReference; explicitFileType = wrapper.cfbundle; includeInIndex = 0; path = IveBeenHere2Tests.xctest; sourceTree = BUILT_PRODUCTS_DIR; };
		7222670C28F94FD0003859BE /* IveBeenHere2Tests.swift */ = {isa = PBXFileReference; lastKnownFileType = sourcecode.swift; path = IveBeenHere2Tests.swift; sourceTree = "<group>"; };
		7222671228F94FD0003859BE /* IveBeenHere2UITests.xctest */ = {isa = PBXFileReference; explicitFileType = wrapper.cfbundle; includeInIndex = 0; path = IveBeenHere2UITests.xctest; sourceTree = BUILT_PRODUCTS_DIR; };
		7222671628F94FD0003859BE /* IveBeenHere2UITests.swift */ = {isa = PBXFileReference; lastKnownFileType = sourcecode.swift; path = IveBeenHere2UITests.swift; sourceTree = "<group>"; };
		7222671828F94FD0003859BE /* IveBeenHere2UITestsLaunchTests.swift */ = {isa = PBXFileReference; lastKnownFileType = sourcecode.swift; path = IveBeenHere2UITestsLaunchTests.swift; sourceTree = "<group>"; };
		8713353326638AA1488BB57F /* Pods_IveBeenHere2Tests.framework */ = {isa = PBXFileReference; explicitFileType = wrapper.framework; includeInIndex = 0; path = Pods_IveBeenHere2Tests.framework; sourceTree = BUILT_PRODUCTS_DIR; };
		8B62EF851A17196C8F3271B0 /* Pods-IveBeenHere2Tests.release.xcconfig */ = {isa = PBXFileReference; includeInIndex = 1; lastKnownFileType = text.xcconfig; name = "Pods-IveBeenHere2Tests.release.xcconfig"; path = "Target Support Files/Pods-IveBeenHere2Tests/Pods-IveBeenHere2Tests.release.xcconfig"; sourceTree = "<group>"; };
		8EEA0815ADE3E91233E000CC /* Pods-IveBeenHere2-IveBeenHere2UITests.debug.xcconfig */ = {isa = PBXFileReference; includeInIndex = 1; lastKnownFileType = text.xcconfig; name = "Pods-IveBeenHere2-IveBeenHere2UITests.debug.xcconfig"; path = "Target Support Files/Pods-IveBeenHere2-IveBeenHere2UITests/Pods-IveBeenHere2-IveBeenHere2UITests.debug.xcconfig"; sourceTree = "<group>"; };
		C61889724740AC512E8F061A /* Pods_IveBeenHere2.framework */ = {isa = PBXFileReference; explicitFileType = wrapper.framework; includeInIndex = 0; path = Pods_IveBeenHere2.framework; sourceTree = BUILT_PRODUCTS_DIR; };
		D0B586F1BB07F61FD7E7D602 /* Pods-IveBeenHere2Tests.debug.xcconfig */ = {isa = PBXFileReference; includeInIndex = 1; lastKnownFileType = text.xcconfig; name = "Pods-IveBeenHere2Tests.debug.xcconfig"; path = "Target Support Files/Pods-IveBeenHere2Tests/Pods-IveBeenHere2Tests.debug.xcconfig"; sourceTree = "<group>"; };
		DCB4E7AFDAA663ABFEDD0B25 /* Pods-IveBeenHere2-IveBeenHere2UITests.release.xcconfig */ = {isa = PBXFileReference; includeInIndex = 1; lastKnownFileType = text.xcconfig; name = "Pods-IveBeenHere2-IveBeenHere2UITests.release.xcconfig"; path = "Target Support Files/Pods-IveBeenHere2-IveBeenHere2UITests/Pods-IveBeenHere2-IveBeenHere2UITests.release.xcconfig"; sourceTree = "<group>"; };
/* End PBXFileReference section */

/* Begin PBXFrameworksBuildPhase section */
		722266EF28F94FCF003859BE /* Frameworks */ = {
			isa = PBXFrameworksBuildPhase;
			buildActionMask = 2147483647;
			files = (
				A1CACF91A4795CC7AD63D561 /* Pods_IveBeenHere2.framework in Frameworks */,
			);
			runOnlyForDeploymentPostprocessing = 0;
		};
		7222670528F94FD0003859BE /* Frameworks */ = {
			isa = PBXFrameworksBuildPhase;
			buildActionMask = 2147483647;
			files = (
				03FBCFE47B63E79EFD14A46C /* Pods_IveBeenHere2Tests.framework in Frameworks */,
			);
			runOnlyForDeploymentPostprocessing = 0;
		};
		7222670F28F94FD0003859BE /* Frameworks */ = {
			isa = PBXFrameworksBuildPhase;
			buildActionMask = 2147483647;
			files = (
				6B36C61D946594FC0EA19F62 /* Pods_IveBeenHere2_IveBeenHere2UITests.framework in Frameworks */,
			);
			runOnlyForDeploymentPostprocessing = 0;
		};
/* End PBXFrameworksBuildPhase section */

/* Begin PBXGroup section */
		32B0DC1FA3BD4C2444CF6CE5 /* Pods */ = {
			isa = PBXGroup;
			children = (
				3701AE4B59672353A1BE361F /* Pods-IveBeenHere2.debug.xcconfig */,
				630E29A450FAB3AF2AF09817 /* Pods-IveBeenHere2.release.xcconfig */,
				8EEA0815ADE3E91233E000CC /* Pods-IveBeenHere2-IveBeenHere2UITests.debug.xcconfig */,
				DCB4E7AFDAA663ABFEDD0B25 /* Pods-IveBeenHere2-IveBeenHere2UITests.release.xcconfig */,
				D0B586F1BB07F61FD7E7D602 /* Pods-IveBeenHere2Tests.debug.xcconfig */,
				8B62EF851A17196C8F3271B0 /* Pods-IveBeenHere2Tests.release.xcconfig */,
			);
			name = Pods;
			path = Pods;
			sourceTree = "<group>";
		};
		722266E928F94FCF003859BE = {
			isa = PBXGroup;
			children = (
				722266F428F94FCF003859BE /* IveBeenHere2 */,
				7222670B28F94FD0003859BE /* IveBeenHere2Tests */,
				7222671528F94FD0003859BE /* IveBeenHere2UITests */,
				722266F328F94FCF003859BE /* Products */,
				32B0DC1FA3BD4C2444CF6CE5 /* Pods */,
				7A5E1796A45FAF71EF3E1DA8 /* Frameworks */,
			);
			sourceTree = "<group>";
		};
		722266F328F94FCF003859BE /* Products */ = {
			isa = PBXGroup;
			children = (
				722266F228F94FCF003859BE /* IveBeenHere2.app */,
				7222670828F94FD0003859BE /* IveBeenHere2Tests.xctest */,
				7222671228F94FD0003859BE /* IveBeenHere2UITests.xctest */,
			);
			name = Products;
			sourceTree = "<group>";
		};
		722266F428F94FCF003859BE /* IveBeenHere2 */ = {
			isa = PBXGroup;
			children = (
				722266F528F94FCF003859BE /* AppDelegate.swift */,
				722266F728F94FCF003859BE /* SceneDelegate.swift */,
				722266F928F94FCF003859BE /* ViewController.swift */,
				722266FB28F94FCF003859BE /* Main.storyboard */,
				722266FE28F94FD0003859BE /* Assets.xcassets */,
				7222670028F94FD0003859BE /* LaunchScreen.storyboard */,
				7222670328F94FD0003859BE /* Info.plist */,
			);
			path = IveBeenHere2;
			sourceTree = "<group>";
		};
		7222670B28F94FD0003859BE /* IveBeenHere2Tests */ = {
			isa = PBXGroup;
			children = (
				7222670C28F94FD0003859BE /* IveBeenHere2Tests.swift */,
			);
			path = IveBeenHere2Tests;
			sourceTree = "<group>";
		};
		7222671528F94FD0003859BE /* IveBeenHere2UITests */ = {
			isa = PBXGroup;
			children = (
				7222671628F94FD0003859BE /* IveBeenHere2UITests.swift */,
				7222671828F94FD0003859BE /* IveBeenHere2UITestsLaunchTests.swift */,
			);
			path = IveBeenHere2UITests;
			sourceTree = "<group>";
		};
		7A5E1796A45FAF71EF3E1DA8 /* Frameworks */ = {
			isa = PBXGroup;
			children = (
				C61889724740AC512E8F061A /* Pods_IveBeenHere2.framework */,
				048B4D030032AE7022954F59 /* Pods_IveBeenHere2_IveBeenHere2UITests.framework */,
				8713353326638AA1488BB57F /* Pods_IveBeenHere2Tests.framework */,
			);
			name = Frameworks;
			sourceTree = "<group>";
		};
/* End PBXGroup section */

/* Begin PBXNativeTarget section */
		722266F128F94FCF003859BE /* IveBeenHere2 */ = {
			isa = PBXNativeTarget;
			buildConfigurationList = 7222671C28F94FD0003859BE /* Build configuration list for PBXNativeTarget "IveBeenHere2" */;
			buildPhases = (
				FED5192CA98B8CA5A09C5DFD /* [CP] Check Pods Manifest.lock */,
				722266EE28F94FCF003859BE /* Sources */,
				722266EF28F94FCF003859BE /* Frameworks */,
				722266F028F94FCF003859BE /* Resources */,
				2756C4F0152CEF7F8B2F31DE /* [CP] Embed Pods Frameworks */,
			);
			buildRules = (
			);
			dependencies = (
			);
			name = IveBeenHere2;
			productName = IveBeenHere2;
			productReference = 722266F228F94FCF003859BE /* IveBeenHere2.app */;
			productType = "com.apple.product-type.application";
		};
		7222670728F94FD0003859BE /* IveBeenHere2Tests */ = {
			isa = PBXNativeTarget;
			buildConfigurationList = 7222671F28F94FD0003859BE /* Build configuration list for PBXNativeTarget "IveBeenHere2Tests" */;
			buildPhases = (
				E7505F90B7BAAC6E26C98B88 /* [CP] Check Pods Manifest.lock */,
				7222670428F94FD0003859BE /* Sources */,
				7222670528F94FD0003859BE /* Frameworks */,
				7222670628F94FD0003859BE /* Resources */,
			);
			buildRules = (
			);
			dependencies = (
				7222670A28F94FD0003859BE /* PBXTargetDependency */,
			);
			name = IveBeenHere2Tests;
			productName = IveBeenHere2Tests;
			productReference = 7222670828F94FD0003859BE /* IveBeenHere2Tests.xctest */;
			productType = "com.apple.product-type.bundle.unit-test";
		};
		7222671128F94FD0003859BE /* IveBeenHere2UITests */ = {
			isa = PBXNativeTarget;
			buildConfigurationList = 7222672228F94FD0003859BE /* Build configuration list for PBXNativeTarget "IveBeenHere2UITests" */;
			buildPhases = (
				9DF7F093ED9A0ED738800544 /* [CP] Check Pods Manifest.lock */,
				7222670E28F94FD0003859BE /* Sources */,
				7222670F28F94FD0003859BE /* Frameworks */,
				7222671028F94FD0003859BE /* Resources */,
				E0A0BBB59DEA1C312B8E6A41 /* [CP] Embed Pods Frameworks */,
			);
			buildRules = (
			);
			dependencies = (
				7222671428F94FD0003859BE /* PBXTargetDependency */,
			);
			name = IveBeenHere2UITests;
			productName = IveBeenHere2UITests;
			productReference = 7222671228F94FD0003859BE /* IveBeenHere2UITests.xctest */;
			productType = "com.apple.product-type.bundle.ui-testing";
		};
/* End PBXNativeTarget section */

/* Begin PBXProject section */
		722266EA28F94FCF003859BE /* Project object */ = {
			isa = PBXProject;
			attributes = {
				BuildIndependentTargetsInParallel = 1;
				LastSwiftUpdateCheck = 1340;
				LastUpgradeCheck = 1340;
				TargetAttributes = {
					722266F128F94FCF003859BE = {
						CreatedOnToolsVersion = 13.4.1;
					};
					7222670728F94FD0003859BE = {
						CreatedOnToolsVersion = 13.4.1;
						TestTargetID = 722266F128F94FCF003859BE;
					};
					7222671128F94FD0003859BE = {
						CreatedOnToolsVersion = 13.4.1;
						TestTargetID = 722266F128F94FCF003859BE;
					};
				};
			};
			buildConfigurationList = 722266ED28F94FCF003859BE /* Build configuration list for PBXProject "IveBeenHere2" */;
			compatibilityVersion = "Xcode 13.0";
			developmentRegion = en;
			hasScannedForEncodings = 0;
			knownRegions = (
				en,
				Base,
			);
			mainGroup = 722266E928F94FCF003859BE;
			productRefGroup = 722266F328F94FCF003859BE /* Products */;
			projectDirPath = "";
			projectRoot = "";
			targets = (
				722266F128F94FCF003859BE /* IveBeenHere2 */,
				7222670728F94FD0003859BE /* IveBeenHere2Tests */,
				7222671128F94FD0003859BE /* IveBeenHere2UITests */,
			);
		};
/* End PBXProject section */

/* Begin PBXResourcesBuildPhase section */
		722266F028F94FCF003859BE /* Resources */ = {
			isa = PBXResourcesBuildPhase;
			buildActionMask = 2147483647;
			files = (
				7222670228F94FD0003859BE /* LaunchScreen.storyboard in Resources */,
				722266FF28F94FD0003859BE /* Assets.xcassets in Resources */,
				722266FD28F94FCF003859BE /* Main.storyboard in Resources */,
			);
			runOnlyForDeploymentPostprocessing = 0;
		};
		7222670628F94FD0003859BE /* Resources */ = {
			isa = PBXResourcesBuildPhase;
			buildActionMask = 2147483647;
			files = (
			);
			runOnlyForDeploymentPostprocessing = 0;
		};
		7222671028F94FD0003859BE /* Resources */ = {
			isa = PBXResourcesBuildPhase;
			buildActionMask = 2147483647;
			files = (
			);
			runOnlyForDeploymentPostprocessing = 0;
		};
/* End PBXResourcesBuildPhase section */

/* Begin PBXShellScriptBuildPhase section */
		2756C4F0152CEF7F8B2F31DE /* [CP] Embed Pods Frameworks */ = {
			isa = PBXShellScriptBuildPhase;
			buildActionMask = 2147483647;
			files = (
			);
			inputFileListPaths = (
				"${PODS_ROOT}/Target Support Files/Pods-IveBeenHere2/Pods-IveBeenHere2-frameworks-${CONFIGURATION}-input-files.xcfilelist",
			);
			name = "[CP] Embed Pods Frameworks";
			outputFileListPaths = (
				"${PODS_ROOT}/Target Support Files/Pods-IveBeenHere2/Pods-IveBeenHere2-frameworks-${CONFIGURATION}-output-files.xcfilelist",
			);
			runOnlyForDeploymentPostprocessing = 0;
			shellPath = /bin/sh;
			shellScript = "\"${PODS_ROOT}/Target Support Files/Pods-IveBeenHere2/Pods-IveBeenHere2-frameworks.sh\"\n";
			showEnvVarsInLog = 0;
		};
		9DF7F093ED9A0ED738800544 /* [CP] Check Pods Manifest.lock */ = {
			isa = PBXShellScriptBuildPhase;
			buildActionMask = 2147483647;
			files = (
			);
			inputFileListPaths = (
			);
			inputPaths = (
				"${PODS_PODFILE_DIR_PATH}/Podfile.lock",
				"${PODS_ROOT}/Manifest.lock",
			);
			name = "[CP] Check Pods Manifest.lock";
			outputFileListPaths = (
			);
			outputPaths = (
				"$(DERIVED_FILE_DIR)/Pods-IveBeenHere2-IveBeenHere2UITests-checkManifestLockResult.txt",
			);
			runOnlyForDeploymentPostprocessing = 0;
			shellPath = /bin/sh;
			shellScript = "diff \"${PODS_PODFILE_DIR_PATH}/Podfile.lock\" \"${PODS_ROOT}/Manifest.lock\" > /dev/null\nif [ $? != 0 ] ; then\n    # print error to STDERR\n    echo \"error: The sandbox is not in sync with the Podfile.lock. Run 'pod install' or update your CocoaPods installation.\" >&2\n    exit 1\nfi\n# This output is used by Xcode 'outputs' to avoid re-running this script phase.\necho \"SUCCESS\" > \"${SCRIPT_OUTPUT_FILE_0}\"\n";
			showEnvVarsInLog = 0;
		};
		E0A0BBB59DEA1C312B8E6A41 /* [CP] Embed Pods Frameworks */ = {
			isa = PBXShellScriptBuildPhase;
			buildActionMask = 2147483647;
			files = (
			);
			inputFileListPaths = (
				"${PODS_ROOT}/Target Support Files/Pods-IveBeenHere2-IveBeenHere2UITests/Pods-IveBeenHere2-IveBeenHere2UITests-frameworks-${CONFIGURATION}-input-files.xcfilelist",
			);
			name = "[CP] Embed Pods Frameworks";
			outputFileListPaths = (
				"${PODS_ROOT}/Target Support Files/Pods-IveBeenHere2-IveBeenHere2UITests/Pods-IveBeenHere2-IveBeenHere2UITests-frameworks-${CONFIGURATION}-output-files.xcfilelist",
			);
			runOnlyForDeploymentPostprocessing = 0;
			shellPath = /bin/sh;
			shellScript = "\"${PODS_ROOT}/Target Support Files/Pods-IveBeenHere2-IveBeenHere2UITests/Pods-IveBeenHere2-IveBeenHere2UITests-frameworks.sh\"\n";
			showEnvVarsInLog = 0;
		};
		E7505F90B7BAAC6E26C98B88 /* [CP] Check Pods Manifest.lock */ = {
			isa = PBXShellScriptBuildPhase;
			buildActionMask = 2147483647;
			files = (
			);
			inputFileListPaths = (
			);
			inputPaths = (
				"${PODS_PODFILE_DIR_PATH}/Podfile.lock",
				"${PODS_ROOT}/Manifest.lock",
			);
			name = "[CP] Check Pods Manifest.lock";
			outputFileListPaths = (
			);
			outputPaths = (
				"$(DERIVED_FILE_DIR)/Pods-IveBeenHere2Tests-checkManifestLockResult.txt",
			);
			runOnlyForDeploymentPostprocessing = 0;
			shellPath = /bin/sh;
			shellScript = "diff \"${PODS_PODFILE_DIR_PATH}/Podfile.lock\" \"${PODS_ROOT}/Manifest.lock\" > /dev/null\nif [ $? != 0 ] ; then\n    # print error to STDERR\n    echo \"error: The sandbox is not in sync with the Podfile.lock. Run 'pod install' or update your CocoaPods installation.\" >&2\n    exit 1\nfi\n# This output is used by Xcode 'outputs' to avoid re-running this script phase.\necho \"SUCCESS\" > \"${SCRIPT_OUTPUT_FILE_0}\"\n";
			showEnvVarsInLog = 0;
		};
		FED5192CA98B8CA5A09C5DFD /* [CP] Check Pods Manifest.lock */ = {
			isa = PBXShellScriptBuildPhase;
			buildActionMask = 2147483647;
			files = (
			);
			inputFileListPaths = (
			);
			inputPaths = (
				"${PODS_PODFILE_DIR_PATH}/Podfile.lock",
				"${PODS_ROOT}/Manifest.lock",
			);
			name = "[CP] Check Pods Manifest.lock";
			outputFileListPaths = (
			);
			outputPaths = (
				"$(DERIVED_FILE_DIR)/Pods-IveBeenHere2-checkManifestLockResult.txt",
			);
			runOnlyForDeploymentPostprocessing = 0;
			shellPath = /bin/sh;
			shellScript = "diff \"${PODS_PODFILE_DIR_PATH}/Podfile.lock\" \"${PODS_ROOT}/Manifest.lock\" > /dev/null\nif [ $? != 0 ] ; then\n    # print error to STDERR\n    echo \"error: The sandbox is not in sync with the Podfile.lock. Run 'pod install' or update your CocoaPods installation.\" >&2\n    exit 1\nfi\n# This output is used by Xcode 'outputs' to avoid re-running this script phase.\necho \"SUCCESS\" > \"${SCRIPT_OUTPUT_FILE_0}\"\n";
			showEnvVarsInLog = 0;
		};
/* End PBXShellScriptBuildPhase section */

/* Begin PBXSourcesBuildPhase section */
		722266EE28F94FCF003859BE /* Sources */ = {
			isa = PBXSourcesBuildPhase;
			buildActionMask = 2147483647;
			files = (
				722266FA28F94FCF003859BE /* ViewController.swift in Sources */,
				722266F628F94FCF003859BE /* AppDelegate.swift in Sources */,
				722266F828F94FCF003859BE /* SceneDelegate.swift in Sources */,
			);
			runOnlyForDeploymentPostprocessing = 0;
		};
		7222670428F94FD0003859BE /* Sources */ = {
			isa = PBXSourcesBuildPhase;
			buildActionMask = 2147483647;
			files = (
				7222670D28F94FD0003859BE /* IveBeenHere2Tests.swift in Sources */,
			);
			runOnlyForDeploymentPostprocessing = 0;
		};
		7222670E28F94FD0003859BE /* Sources */ = {
			isa = PBXSourcesBuildPhase;
			buildActionMask = 2147483647;
			files = (
				7222671928F94FD0003859BE /* IveBeenHere2UITestsLaunchTests.swift in Sources */,
				7222671728F94FD0003859BE /* IveBeenHere2UITests.swift in Sources */,
			);
			runOnlyForDeploymentPostprocessing = 0;
		};
/* End PBXSourcesBuildPhase section */

/* Begin PBXTargetDependency section */
		7222670A28F94FD0003859BE /* PBXTargetDependency */ = {
			isa = PBXTargetDependency;
			target = 722266F128F94FCF003859BE /* IveBeenHere2 */;
			targetProxy = 7222670928F94FD0003859BE /* PBXContainerItemProxy */;
		};
		7222671428F94FD0003859BE /* PBXTargetDependency */ = {
			isa = PBXTargetDependency;
			target = 722266F128F94FCF003859BE /* IveBeenHere2 */;
			targetProxy = 7222671328F94FD0003859BE /* PBXContainerItemProxy */;
		};
/* End PBXTargetDependency section */

/* Begin PBXVariantGroup section */
		722266FB28F94FCF003859BE /* Main.storyboard */ = {
			isa = PBXVariantGroup;
			children = (
				722266FC28F94FCF003859BE /* Base */,
			);
			name = Main.storyboard;
			sourceTree = "<group>";
		};
		7222670028F94FD0003859BE /* LaunchScreen.storyboard */ = {
			isa = PBXVariantGroup;
			children = (
				7222670128F94FD0003859BE /* Base */,
			);
			name = LaunchScreen.storyboard;
			sourceTree = "<group>";
		};
/* End PBXVariantGroup section */

/* Begin XCBuildConfiguration section */
		7222671A28F94FD0003859BE /* Debug */ = {
			isa = XCBuildConfiguration;
			buildSettings = {
				ALWAYS_SEARCH_USER_PATHS = NO;
				CLANG_ANALYZER_NONNULL = YES;
				CLANG_ANALYZER_NUMBER_OBJECT_CONVERSION = YES_AGGRESSIVE;
				CLANG_CXX_LANGUAGE_STANDARD = "gnu++17";
				CLANG_ENABLE_MODULES = YES;
				CLANG_ENABLE_OBJC_ARC = YES;
				CLANG_ENABLE_OBJC_WEAK = YES;
				CLANG_WARN_BLOCK_CAPTURE_AUTORELEASING = YES;
				CLANG_WARN_BOOL_CONVERSION = YES;
				CLANG_WARN_COMMA = YES;
				CLANG_WARN_CONSTANT_CONVERSION = YES;
				CLANG_WARN_DEPRECATED_OBJC_IMPLEMENTATIONS = YES;
				CLANG_WARN_DIRECT_OBJC_ISA_USAGE = YES_ERROR;
				CLANG_WARN_DOCUMENTATION_COMMENTS = YES;
				CLANG_WARN_EMPTY_BODY = YES;
				CLANG_WARN_ENUM_CONVERSION = YES;
				CLANG_WARN_INFINITE_RECURSION = YES;
				CLANG_WARN_INT_CONVERSION = YES;
				CLANG_WARN_NON_LITERAL_NULL_CONVERSION = YES;
				CLANG_WARN_OBJC_IMPLICIT_RETAIN_SELF = YES;
				CLANG_WARN_OBJC_LITERAL_CONVERSION = YES;
				CLANG_WARN_OBJC_ROOT_CLASS = YES_ERROR;
				CLANG_WARN_QUOTED_INCLUDE_IN_FRAMEWORK_HEADER = YES;
				CLANG_WARN_RANGE_LOOP_ANALYSIS = YES;
				CLANG_WARN_STRICT_PROTOTYPES = YES;
				CLANG_WARN_SUSPICIOUS_MOVE = YES;
				CLANG_WARN_UNGUARDED_AVAILABILITY = YES_AGGRESSIVE;
				CLANG_WARN_UNREACHABLE_CODE = YES;
				CLANG_WARN__DUPLICATE_METHOD_MATCH = YES;
				COPY_PHASE_STRIP = NO;
				DEBUG_INFORMATION_FORMAT = dwarf;
				ENABLE_STRICT_OBJC_MSGSEND = YES;
				ENABLE_TESTABILITY = YES;
				GCC_C_LANGUAGE_STANDARD = gnu11;
				GCC_DYNAMIC_NO_PIC = NO;
				GCC_NO_COMMON_BLOCKS = YES;
				GCC_OPTIMIZATION_LEVEL = 0;
				GCC_PREPROCESSOR_DEFINITIONS = (
					"DEBUG=1",
					"$(inherited)",
				);
				GCC_WARN_64_TO_32_BIT_CONVERSION = YES;
				GCC_WARN_ABOUT_RETURN_TYPE = YES_ERROR;
				GCC_WARN_UNDECLARED_SELECTOR = YES;
				GCC_WARN_UNINITIALIZED_AUTOS = YES_AGGRESSIVE;
				GCC_WARN_UNUSED_FUNCTION = YES;
				GCC_WARN_UNUSED_VARIABLE = YES;
				IPHONEOS_DEPLOYMENT_TARGET = 15.5;
				MTL_ENABLE_DEBUG_INFO = INCLUDE_SOURCE;
				MTL_FAST_MATH = YES;
				ONLY_ACTIVE_ARCH = YES;
				SDKROOT = iphoneos;
				SWIFT_ACTIVE_COMPILATION_CONDITIONS = DEBUG;
				SWIFT_OPTIMIZATION_LEVEL = "-Onone";
			};
			name = Debug;
		};
		7222671B28F94FD0003859BE /* Release */ = {
			isa = XCBuildConfiguration;
			buildSettings = {
				ALWAYS_SEARCH_USER_PATHS = NO;
				CLANG_ANALYZER_NONNULL = YES;
				CLANG_ANALYZER_NUMBER_OBJECT_CONVERSION = YES_AGGRESSIVE;
				CLANG_CXX_LANGUAGE_STANDARD = "gnu++17";
				CLANG_ENABLE_MODULES = YES;
				CLANG_ENABLE_OBJC_ARC = YES;
				CLANG_ENABLE_OBJC_WEAK = YES;
				CLANG_WARN_BLOCK_CAPTURE_AUTORELEASING = YES;
				CLANG_WARN_BOOL_CONVERSION = YES;
				CLANG_WARN_COMMA = YES;
				CLANG_WARN_CONSTANT_CONVERSION = YES;
				CLANG_WARN_DEPRECATED_OBJC_IMPLEMENTATIONS = YES;
				CLANG_WARN_DIRECT_OBJC_ISA_USAGE = YES_ERROR;
				CLANG_WARN_DOCUMENTATION_COMMENTS = YES;
				CLANG_WARN_EMPTY_BODY = YES;
				CLANG_WARN_ENUM_CONVERSION = YES;
				CLANG_WARN_INFINITE_RECURSION = YES;
				CLANG_WARN_INT_CONVERSION = YES;
				CLANG_WARN_NON_LITERAL_NULL_CONVERSION = YES;
				CLANG_WARN_OBJC_IMPLICIT_RETAIN_SELF = YES;
				CLANG_WARN_OBJC_LITERAL_CONVERSION = YES;
				CLANG_WARN_OBJC_ROOT_CLASS = YES_ERROR;
				CLANG_WARN_QUOTED_INCLUDE_IN_FRAMEWORK_HEADER = YES;
				CLANG_WARN_RANGE_LOOP_ANALYSIS = YES;
				CLANG_WARN_STRICT_PROTOTYPES = YES;
				CLANG_WARN_SUSPICIOUS_MOVE = YES;
				CLANG_WARN_UNGUARDED_AVAILABILITY = YES_AGGRESSIVE;
				CLANG_WARN_UNREACHABLE_CODE = YES;
				CLANG_WARN__DUPLICATE_METHOD_MATCH = YES;
				COPY_PHASE_STRIP = NO;
				DEBUG_INFORMATION_FORMAT = "dwarf-with-dsym";
				ENABLE_NS_ASSERTIONS = NO;
				ENABLE_STRICT_OBJC_MSGSEND = YES;
				GCC_C_LANGUAGE_STANDARD = gnu11;
				GCC_NO_COMMON_BLOCKS = YES;
				GCC_WARN_64_TO_32_BIT_CONVERSION = YES;
				GCC_WARN_ABOUT_RETURN_TYPE = YES_ERROR;
				GCC_WARN_UNDECLARED_SELECTOR = YES;
				GCC_WARN_UNINITIALIZED_AUTOS = YES_AGGRESSIVE;
				GCC_WARN_UNUSED_FUNCTION = YES;
				GCC_WARN_UNUSED_VARIABLE = YES;
				IPHONEOS_DEPLOYMENT_TARGET = 15.5;
				MTL_ENABLE_DEBUG_INFO = NO;
				MTL_FAST_MATH = YES;
				SDKROOT = iphoneos;
				SWIFT_COMPILATION_MODE = wholemodule;
				SWIFT_OPTIMIZATION_LEVEL = "-O";
				VALIDATE_PRODUCT = YES;
			};
			name = Release;
		};
		7222671D28F94FD0003859BE /* Debug */ = {
			isa = XCBuildConfiguration;
			baseConfigurationReference = 3701AE4B59672353A1BE361F /* Pods-IveBeenHere2.debug.xcconfig */;
			buildSettings = {
				ASSETCATALOG_COMPILER_APPICON_NAME = AppIcon;
				ASSETCATALOG_COMPILER_GLOBAL_ACCENT_COLOR_NAME = AccentColor;
				CODE_SIGN_STYLE = Automatic;
				CURRENT_PROJECT_VERSION = 1;
				DEVELOPMENT_TEAM = B3PWYBKFUK;
				GENERATE_INFOPLIST_FILE = YES;
				INFOPLIST_FILE = IveBeenHere2/Info.plist;
				INFOPLIST_KEY_UIApplicationSupportsIndirectInputEvents = YES;
				INFOPLIST_KEY_UILaunchStoryboardName = LaunchScreen;
				INFOPLIST_KEY_UIMainStoryboardFile = Main;
				INFOPLIST_KEY_UISupportedInterfaceOrientations_iPad = "UIInterfaceOrientationPortrait UIInterfaceOrientationPortraitUpsideDown UIInterfaceOrientationLandscapeLeft UIInterfaceOrientationLandscapeRight";
				INFOPLIST_KEY_UISupportedInterfaceOrientations_iPhone = "UIInterfaceOrientationPortrait UIInterfaceOrientationLandscapeLeft UIInterfaceOrientationLandscapeRight";
				LD_RUNPATH_SEARCH_PATHS = (
					"$(inherited)",
					"@executable_path/Frameworks",
				);
				MARKETING_VERSION = 1.0;
				PRODUCT_BUNDLE_IDENTIFIER = practice.IveBeenHere2;
				PRODUCT_NAME = "$(TARGET_NAME)";
				SWIFT_EMIT_LOC_STRINGS = YES;
				SWIFT_VERSION = 5.0;
				TARGETED_DEVICE_FAMILY = "1,2";
			};
			name = Debug;
		};
		7222671E28F94FD0003859BE /* Release */ = {
			isa = XCBuildConfiguration;
			baseConfigurationReference = 630E29A450FAB3AF2AF09817 /* Pods-IveBeenHere2.release.xcconfig */;
			buildSettings = {
				ASSETCATALOG_COMPILER_APPICON_NAME = AppIcon;
				ASSETCATALOG_COMPILER_GLOBAL_ACCENT_COLOR_NAME = AccentColor;
				CODE_SIGN_STYLE = Automatic;
				CURRENT_PROJECT_VERSION = 1;
				DEVELOPMENT_TEAM = B3PWYBKFUK;
				GENERATE_INFOPLIST_FILE = YES;
				INFOPLIST_FILE = IveBeenHere2/Info.plist;
				INFOPLIST_KEY_UIApplicationSupportsIndirectInputEvents = YES;
				INFOPLIST_KEY_UILaunchStoryboardName = LaunchScreen;
				INFOPLIST_KEY_UIMainStoryboardFile = Main;
				INFOPLIST_KEY_UISupportedInterfaceOrientations_iPad = "UIInterfaceOrientationPortrait UIInterfaceOrientationPortraitUpsideDown UIInterfaceOrientationLandscapeLeft UIInterfaceOrientationLandscapeRight";
				INFOPLIST_KEY_UISupportedInterfaceOrientations_iPhone = "UIInterfaceOrientationPortrait UIInterfaceOrientationLandscapeLeft UIInterfaceOrientationLandscapeRight";
				LD_RUNPATH_SEARCH_PATHS = (
					"$(inherited)",
					"@executable_path/Frameworks",
				);
				MARKETING_VERSION = 1.0;
				PRODUCT_BUNDLE_IDENTIFIER = practice.IveBeenHere2;
				PRODUCT_NAME = "$(TARGET_NAME)";
				SWIFT_EMIT_LOC_STRINGS = YES;
				SWIFT_VERSION = 5.0;
				TARGETED_DEVICE_FAMILY = "1,2";
			};
			name = Release;
		};
		7222672028F94FD0003859BE /* Debug */ = {
			isa = XCBuildConfiguration;
			baseConfigurationReference = D0B586F1BB07F61FD7E7D602 /* Pods-IveBeenHere2Tests.debug.xcconfig */;
			buildSettings = {
				ALWAYS_EMBED_SWIFT_STANDARD_LIBRARIES = YES;
				BUNDLE_LOADER = "$(TEST_HOST)";
				CODE_SIGN_STYLE = Automatic;
				CURRENT_PROJECT_VERSION = 1;
				DEVELOPMENT_TEAM = B3PWYBKFUK;
				GENERATE_INFOPLIST_FILE = YES;
				IPHONEOS_DEPLOYMENT_TARGET = 15.5;
				MARKETING_VERSION = 1.0;
				PRODUCT_BUNDLE_IDENTIFIER = practice.IveBeenHere2Tests;
				PRODUCT_NAME = "$(TARGET_NAME)";
				SWIFT_EMIT_LOC_STRINGS = NO;
				SWIFT_VERSION = 5.0;
				TARGETED_DEVICE_FAMILY = "1,2";
				TEST_HOST = "$(BUILT_PRODUCTS_DIR)/IveBeenHere2.app/IveBeenHere2";
			};
			name = Debug;
		};
		7222672128F94FD0003859BE /* Release */ = {
			isa = XCBuildConfiguration;
			baseConfigurationReference = 8B62EF851A17196C8F3271B0 /* Pods-IveBeenHere2Tests.release.xcconfig */;
			buildSettings = {
				ALWAYS_EMBED_SWIFT_STANDARD_LIBRARIES = YES;
				BUNDLE_LOADER = "$(TEST_HOST)";
				CODE_SIGN_STYLE = Automatic;
				CURRENT_PROJECT_VERSION = 1;
				DEVELOPMENT_TEAM = B3PWYBKFUK;
				GENERATE_INFOPLIST_FILE = YES;
				IPHONEOS_DEPLOYMENT_TARGET = 15.5;
				MARKETING_VERSION = 1.0;
				PRODUCT_BUNDLE_IDENTIFIER = practice.IveBeenHere2Tests;
				PRODUCT_NAME = "$(TARGET_NAME)";
				SWIFT_EMIT_LOC_STRINGS = NO;
				SWIFT_VERSION = 5.0;
				TARGETED_DEVICE_FAMILY = "1,2";
				TEST_HOST = "$(BUILT_PRODUCTS_DIR)/IveBeenHere2.app/IveBeenHere2";
			};
			name = Release;
		};
		7222672328F94FD0003859BE /* Debug */ = {
			isa = XCBuildConfiguration;
			baseConfigurationReference = 8EEA0815ADE3E91233E000CC /* Pods-IveBeenHere2-IveBeenHere2UITests.debug.xcconfig */;
			buildSettings = {
				ALWAYS_EMBED_SWIFT_STANDARD_LIBRARIES = YES;
				CODE_SIGN_STYLE = Automatic;
				CURRENT_PROJECT_VERSION = 1;
				DEVELOPMENT_TEAM = B3PWYBKFUK;
				GENERATE_INFOPLIST_FILE = YES;
				MARKETING_VERSION = 1.0;
				PRODUCT_BUNDLE_IDENTIFIER = practice.IveBeenHere2UITests;
				PRODUCT_NAME = "$(TARGET_NAME)";
				SWIFT_EMIT_LOC_STRINGS = NO;
				SWIFT_VERSION = 5.0;
				TARGETED_DEVICE_FAMILY = "1,2";
				TEST_TARGET_NAME = IveBeenHere2;
			};
			name = Debug;
		};
		7222672428F94FD0003859BE /* Release */ = {
			isa = XCBuildConfiguration;
			baseConfigurationReference = DCB4E7AFDAA663ABFEDD0B25 /* Pods-IveBeenHere2-IveBeenHere2UITests.release.xcconfig */;
			buildSettings = {
				ALWAYS_EMBED_SWIFT_STANDARD_LIBRARIES = YES;
				CODE_SIGN_STYLE = Automatic;
				CURRENT_PROJECT_VERSION = 1;
				DEVELOPMENT_TEAM = B3PWYBKFUK;
				GENERATE_INFOPLIST_FILE = YES;
				MARKETING_VERSION = 1.0;
				PRODUCT_BUNDLE_IDENTIFIER = practice.IveBeenHere2UITests;
				PRODUCT_NAME = "$(TARGET_NAME)";
				SWIFT_EMIT_LOC_STRINGS = NO;
				SWIFT_VERSION = 5.0;
				TARGETED_DEVICE_FAMILY = "1,2";
				TEST_TARGET_NAME = IveBeenHere2;
			};
			name = Release;
		};
/* End XCBuildConfiguration section */

/* Begin XCConfigurationList section */
		722266ED28F94FCF003859BE /* Build configuration list for PBXProject "IveBeenHere2" */ = {
			isa = XCConfigurationList;
			buildConfigurations = (
				7222671A28F94FD0003859BE /* Debug */,
				7222671B28F94FD0003859BE /* Release */,
			);
			defaultConfigurationIsVisible = 0;
			defaultConfigurationName = Release;
		};
		7222671C28F94FD0003859BE /* Build configuration list for PBXNativeTarget "IveBeenHere2" */ = {
			isa = XCConfigurationList;
			buildConfigurations = (
				7222671D28F94FD0003859BE /* Debug */,
				7222671E28F94FD0003859BE /* Release */,
			);
			defaultConfigurationIsVisible = 0;
			defaultConfigurationName = Release;
		};
		7222671F28F94FD0003859BE /* Build configuration list for PBXNativeTarget "IveBeenHere2Tests" */ = {
			isa = XCConfigurationList;
			buildConfigurations = (
				7222672028F94FD0003859BE /* Debug */,
				7222672128F94FD0003859BE /* Release */,
			);
			defaultConfigurationIsVisible = 0;
			defaultConfigurationName = Release;
		};
		7222672228F94FD0003859BE /* Build configuration list for PBXNativeTarget "IveBeenHere2UITests" */ = {
			isa = XCConfigurationList;
			buildConfigurations = (
				7222672328F94FD0003859BE /* Debug */,
				7222672428F94FD0003859BE /* Release */,
			);
			defaultConfigurationIsVisible = 0;
			defaultConfigurationName = Release;
		};
/* End XCConfigurationList section */
	};
	rootObject = 722266EA28F94FCF003859BE /* Project object */;
}
